
Microsoft Visual Studio Solution File, Format Version 12.00
# Visual Studio 15
VisualStudioVersion = 15.0.28307.329
MinimumVisualStudioVersion = 10.0.40219.1
Project("{FAE04EC0-301F-11D3-BF4B-00C04F79EFBC}") = "Question2", "Question2\Question2.csproj", "{95B8676A-5A09-48EF-9FF9-028A7D87766D}"
EndProject
Project("{FAE04EC0-301F-11D3-BF4B-00C04F79EFBC}") = "BooksModel", "BooksModel\BooksModel.csproj", "{9BD223FA-E054-43BF-B24B-36F0B28B3775}"
EndProject
Project("{FAE04EC0-301F-11D3-BF4B-00C04F79EFBC}") = "Question3", "Question3\Question3.csproj", "{4A0588B6-8558-4D0D-BA20-BF667012E555}"
EndProject
Global
	GlobalSection(SolutionConfigurationPlatforms) = preSolution
		Debug|Any CPU = Debug|Any CPU
		Release|Any CPU = Release|Any CPU
	EndGlobalSection
	GlobalSection(ProjectConfigurationPlatforms) = postSolution
		{95B8676A-5A09-48EF-9FF9-028A7D87766D}.Debug|Any CPU.ActiveCfg = Debug|Any CPU
		{95B8676A-5A09-48EF-9FF9-028A7D87766D}.Debug|Any CPU.Build.0 = Debug|Any CPU
		{95B8676A-5A09-48EF-9FF9-028A7D87766D}.Release|Any CPU.ActiveCfg = Release|Any CPU
		{95B8676A-5A09-48EF-9FF9-028A7D87766D}.Release|Any CPU.Build.0 = Release|Any CPU
		{9BD223FA-E054-43BF-B24B-36F0B28B3775}.Debug|Any CPU.ActiveCfg = Debug|Any CPU
		{9BD223FA-E054-43BF-B24B-36F0B28B3775}.Debug|Any CPU.Build.0 = Debug|Any CPU
		{9BD223FA-E054-43BF-B24B-36F0B28B3775}.Release|Any CPU.ActiveCfg = Release|Any CPU
		{9BD223FA-E054-43BF-B24B-36F0B28B3775}.Release|Any CPU.Build.0 = Release|Any CPU
		{4A0588B6-8558-4D0D-BA20-BF667012E555}.Debug|Any CPU.ActiveCfg = Debug|Any CPU
		{4A0588B6-8558-4D0D-BA20-BF667012E555}.Debug|Any CPU.Build.0 = Debug|Any CPU
		{4A0588B6-8558-4D0D-BA20-BF667012E555}.Release|Any CPU.ActiveCfg = Release|Any CPU
		{4A0588B6-8558-4D0D-BA20-BF667012E555}.Release|Any CPU.Build.0 = Release|Any CPU
	EndGlobalSection
	GlobalSection(SolutionProperties) = preSolution
		HideSolutionNode = FALSE
	EndGlobalSection
	GlobalSection(ExtensibilityGlobals) = postSolution
		SolutionGuid = {35BB9939-AC11-40AB-B9F3-C2C3CA82FE1B}
	EndGlobalSection
EndGlobal
